<Project xmlns="http://schemas.microsoft.com/developer/msbuild/2003">
    <PropertyGroup>
        <ProjectGuid>{6D9C3494-ADB8-42AD-84D1-31F4E0CCFE8F}</ProjectGuid>
        <ProjectVersion>18.2</ProjectVersion>
        <FrameworkType>None</FrameworkType>
        <MainSource>Route4MeExamplesProject.dpr</MainSource>
        <Base>True</Base>
        <Config Condition="'$(Config)'==''">Debug</Config>
        <Platform Condition="'$(Platform)'==''">Win32</Platform>
        <TargetedPlatforms>1</TargetedPlatforms>
        <AppType>Console</AppType>
    </PropertyGroup>
    <PropertyGroup Condition="'$(Config)'=='Base' or '$(Base)'!=''">
        <Base>true</Base>
    </PropertyGroup>
    <PropertyGroup Condition="('$(Platform)'=='Win32' and '$(Base)'=='true') or '$(Base_Win32)'!=''">
        <Base_Win32>true</Base_Win32>
        <CfgParent>Base</CfgParent>
        <Base>true</Base>
    </PropertyGroup>
    <PropertyGroup Condition="'$(Config)'=='Debug' or '$(Cfg_1)'!=''">
        <Cfg_1>true</Cfg_1>
        <CfgParent>Base</CfgParent>
        <Base>true</Base>
    </PropertyGroup>
    <PropertyGroup Condition="('$(Platform)'=='Win32' and '$(Cfg_1)'=='true') or '$(Cfg_1_Win32)'!=''">
        <Cfg_1_Win32>true</Cfg_1_Win32>
        <CfgParent>Cfg_1</CfgParent>
        <Cfg_1>true</Cfg_1>
        <Base>true</Base>
    </PropertyGroup>
    <PropertyGroup Condition="'$(Config)'=='Release' or '$(Cfg_2)'!=''">
        <Cfg_2>true</Cfg_2>
        <CfgParent>Base</CfgParent>
        <Base>true</Base>
    </PropertyGroup>
    <PropertyGroup Condition="'$(Base)'!=''">
        <DCC_Namespace>System;Xml;Data;Datasnap;Web;Soap;$(DCC_Namespace)</DCC_Namespace>
        <SanitizedProjectName>Route4MeExamplesProject</SanitizedProjectName>
        <DCC_DcuOutput>.\$(Platform)\$(Config)</DCC_DcuOutput>
        <DCC_ExeOutput>.\$(Platform)\$(Config)</DCC_ExeOutput>
        <DCC_E>false</DCC_E>
        <DCC_N>false</DCC_N>
        <DCC_S>false</DCC_S>
        <DCC_F>false</DCC_F>
        <DCC_K>false</DCC_K>
    </PropertyGroup>
    <PropertyGroup Condition="'$(Base_Win32)'!=''">
        <DCC_Namespace>Winapi;System.Win;Data.Win;Datasnap.Win;Web.Win;Soap.Win;Xml.Win;Bde;$(DCC_Namespace)</DCC_Namespace>
        <VerInfo_Locale>1033</VerInfo_Locale>
        <VerInfo_Keys>CompanyName=;FileVersion=1.0.0.0;InternalName=;LegalCopyright=;LegalTrademarks=;OriginalFilename=;ProductVersion=1.0.0.0;Comments=;ProgramID=com.embarcadero.$(ModuleName);FileDescription=$(ModuleName);ProductName=$(ModuleName)</VerInfo_Keys>
        <DCC_ConsoleTarget>true</DCC_ConsoleTarget>
        <DCC_UsePackage>DBXSqliteDriver;RESTComponents;DataSnapServerMidas;DBXDb2Driver;DBXInterBaseDriver;vclactnband;frxe23;vclFireDAC;emsclientfiredac;DataSnapFireDAC;svnui;tethering;JvGlobus;FireDACADSDriver;JvPluginSystem;DBXMSSQLDriver;JvMM;DatasnapConnectorsFreePascal;FireDACMSSQLDriver;PngComponentsD;vcltouch;JvBands;vcldb;bindcompfmx;svn;Intraweb;DBXOracleDriver;JvJans;JvNet;inetdb;JvAppFrm;FmxTeeUI;JvDotNetCtrls;FireDACIBDriver;fmx;fmxdae;vclib;JvWizards;TipedEditProject;FireDACDBXDriver;dbexpress;IndyCore;vclx;JvPageComps;dsnap;DataSnapCommon;emsclient;FireDACCommon;JvDB;RESTBackendComponents;DataSnapConnectors;GridViewD7;VCLRESTComponents;soapserver;frxTee23;JclDeveloperTools;vclie;bindengine;DBXMySQLDriver;FireDACOracleDriver;CloudService;FireDACMySQLDriver;DBXFirebirdDriver;JvCmp;JvHMI;FireDACCommonDriver;DataSnapClient;inet;bindcompdbx;IndyIPCommon;JvCustom;vcl;DBXSybaseASEDriver;IndyIPServer;JvXPCtrls;IndySystem;FireDACDb2Driver;dsnapcon;FireDACMSAccDriver;fmxFireDAC;FireDACInfxDriver;vclimg;TeeDB;FireDAC;Jcl;JvCore;JvCrypt;FireDACSqliteDriver;FireDACPgDriver;ibmonitor;FireDACASADriver;DBXOdbcDriver;FireDACTDataDriver;FMXTee;vclshlctrls;soaprtl;DbxCommonDriver;JvDlgs;JvRuntimeDesign;ibxpress;Tee;JvManagedThreads;DataSnapServer;xmlrtl;soapmidas;DataSnapNativeClient;fmxobj;vclwinx;ibxbindings;rtl;FireDACDSDriver;DbxClientDriver;JvTimeFramework;DBXSybaseASADriver;CustomIPTransport;vcldsnap;JvSystem;JvStdCtrls;bindcomp;appanalytics;DBXInformixDriver;IndyIPClient;bindcompvcl;frxDB23;TeeUI;vclribbon;dbxcds;VclSmp;JvDocking;adortl;FireDACODBCDriver;JvPascalInterpreter;JclVcl;DataSnapIndy10ServerTransport;dsnapxml;DataSnapProviderClient;dbrtl;inetdbxpress;FireDACMongoDBDriver;IndyProtocols;frx23;JvControls;JvPrintPreview;JclContainers;fmxase;$(DCC_UsePackage)</DCC_UsePackage>
    </PropertyGroup>
    <PropertyGroup Condition="'$(Cfg_1)'!=''">
        <DCC_Define>DEBUG;$(DCC_Define)</DCC_Define>
        <DCC_DebugDCUs>true</DCC_DebugDCUs>
        <DCC_Optimize>false</DCC_Optimize>
        <DCC_GenerateStackFrames>true</DCC_GenerateStackFrames>
        <DCC_DebugInfoInExe>true</DCC_DebugInfoInExe>
        <DCC_RemoteDebug>true</DCC_RemoteDebug>
    </PropertyGroup>
    <PropertyGroup Condition="'$(Cfg_1_Win32)'!=''">
        <VerInfo_Locale>1033</VerInfo_Locale>
        <DCC_DcuOutput>Dcu</DCC_DcuOutput>
        <Manifest_File>None</Manifest_File>
        <DCC_RemoteDebug>false</DCC_RemoteDebug>
    </PropertyGroup>
    <PropertyGroup Condition="'$(Cfg_2)'!=''">
        <DCC_LocalDebugSymbols>false</DCC_LocalDebugSymbols>
        <DCC_Define>RELEASE;$(DCC_Define)</DCC_Define>
        <DCC_SymbolReferenceInfo>0</DCC_SymbolReferenceInfo>
        <DCC_DebugInformation>0</DCC_DebugInformation>
    </PropertyGroup>
    <ItemGroup>
        <DelphiCompile Include="$(MainSource)">
            <MainSource>MainSource</MainSource>
        </DelphiCompile>
        <DCCReference Include="..\Common\SettingsUnit.pas"/>
        <DCCReference Include="..\Common\UtilsUnit.pas"/>
        <DCCReference Include="..\DataTypes\AddressBookContactUnit.pas"/>
        <DCCReference Include="..\DataTypes\AddressUnit.pas"/>
        <DCCReference Include="..\DataTypes\DataObjectUnit.pas"/>
        <DCCReference Include="..\DataTypes\EnumsUnit.pas"/>
        <DCCReference Include="..\DataTypes\RouteParametersUnit.pas"/>
        <DCCReference Include="..\Route4MeManagerUnit.pas"/>
        <DCCReference Include="..\Actions\AddressBookContactActionsUnit.pas"/>
        <DCCReference Include="..\Actions\BaseActionUnit.pas"/>
        <DCCReference Include="..\Actions\OptimizationActionsUnit.pas"/>
        <DCCReference Include="..\DataTypes\DirectionUnit.pas"/>
        <DCCReference Include="..\DataTypes\DirectionLocationUnit.pas"/>
        <DCCReference Include="..\DataTypes\DirectionStepUnit.pas"/>
        <DCCReference Include="..\DataTypes\DirectionPathPointUnit.pas"/>
        <DCCReference Include="..\DataTypes\LinksUnit.pas"/>
        <DCCReference Include="..\DataTypes\TrackingHistoryUnit.pas"/>
        <DCCReference Include="..\Actions\RouteActionsUnit.pas"/>
        <DCCReference Include="..\Common\CommonTypesUnit.pas"/>
        <DCCReference Include="MainExamplesUnit.pas"/>
        <DCCReference Include="..\IRoute4MeManagerUnit.pas"/>
        <DCCReference Include="..\Common\OutputUnit.pas"/>
        <DCCReference Include="..\Actions\UserActionsUnit.pas"/>
        <DCCReference Include="..\DataTypes\UserUnit.pas"/>
        <DCCReference Include="..\Actions\ActivityActionsUnit.pas"/>
        <DCCReference Include="..\Actions\AddressActionsUnit.pas"/>
        <DCCReference Include="..\Actions\AddressNoteActionsUnit.pas"/>
        <DCCReference Include="..\Actions\AvoidanceZoneActionsUnit.pas"/>
        <DCCReference Include="..\Actions\OrderActionsUnit.pas"/>
        <DCCReference Include="..\Actions\TrackingActionsUnit.pas"/>
        <DCCReference Include="..\DataTypes\AddressNoteUnit.pas"/>
        <DCCReference Include="..\DataTypes\AvoidanceZoneUnit.pas"/>
        <DCCReference Include="..\DataTypes\OrderUnit.pas"/>
        <DCCReference Include="..\DataTypes\ManifestUnit.pas"/>
        <DCCReference Include="..\DataTypes\ErrorResponseUnit.pas"/>
        <DCCReference Include="TestDataProviders\OptimizationParameters\BaseOptimizationParametersProviderUnit.pas"/>
        <DCCReference Include="TestDataProviders\OptimizationParameters\IOptimizationParametersProviderUnit.pas"/>
        <DCCReference Include="TestDataProviders\OptimizationParameters\MultipleDepotMultipleDriverTestDataProviderUnit.pas"/>
        <DCCReference Include="TestDataProviders\OptimizationParameters\MultipleDepotMultipleDriverTimeWindowTestDataProviderUnit.pas"/>
        <DCCReference Include="TestDataProviders\OptimizationParameters\MultipleDepotMultipleDriverWith24StopsTimeWindowTestDataProviderUnit.pas"/>
        <DCCReference Include="TestDataProviders\OptimizationParameters\SingleDepotMultipleDriverNoTimeWindowTestDataProviderUnit.pas"/>
        <DCCReference Include="TestDataProviders\OptimizationParameters\SingleDriverMultipleTimeWindowsTestDataProviderUnit.pas"/>
        <DCCReference Include="TestDataProviders\OptimizationParameters\SingleDriverRoundTripGenericTestDataProviderUnit.pas"/>
        <DCCReference Include="TestDataProviders\OptimizationParameters\SingleDriverRoundTripTestDataProviderUnit.pas"/>
        <DCCReference Include="TestDataProviders\OptimizationParameters\SingleDriverRoute10StopsTestDataProviderUnit.pas"/>
        <DCCReference Include="..\Connection\ConnectionUnit.pas"/>
        <DCCReference Include="..\Connection\IConnectionUnit.pas"/>
        <DCCReference Include="..\Common\NullableBasicTypesUnit.pas"/>
        <DCCReference Include="..\Json\JSONDictionaryIntermediateObjectUnit.pas"/>
        <DCCReference Include="..\Json\JSONNullableAttributeUnit.pas"/>
        <DCCReference Include="..\Json\JSONNullableMarshalConverterUnit.pas"/>
        <DCCReference Include="..\Json\MarshalUnMarshalUnit.pas"/>
        <DCCReference Include="..\Json\NullableArrayInterceptorUnit.pas"/>
        <DCCReference Include="..\Json\NullableInterceptorUnit.pas"/>
        <DCCReference Include="..\QueryTypes\ActivityParametersUnit.pas"/>
        <DCCReference Include="..\QueryTypes\AddAddressNoteResponseUnit.pas"/>
        <DCCReference Include="..\QueryTypes\AddressBookParametersUnit.pas"/>
        <DCCReference Include="..\QueryTypes\AddressesOrderInfoUnit.pas"/>
        <DCCReference Include="..\QueryTypes\AddressParametersUnit.pas"/>
        <DCCReference Include="..\QueryTypes\AddRouteDestinationRequestUnit.pas"/>
        <DCCReference Include="..\QueryTypes\AvoidanceZoneQueryUnit.pas"/>
        <DCCReference Include="..\QueryTypes\DataObjectOptimizationsResponseUnit.pas"/>
        <DCCReference Include="..\QueryTypes\DeleteRouteResponseUnit.pas"/>
        <DCCReference Include="..\QueryTypes\DuplicateRouteResponseUnit.pas"/>
        <DCCReference Include="..\QueryTypes\GenericParametersUnit.pas"/>
        <DCCReference Include="..\QueryTypes\GetActivitiesResponseUnit.pas"/>
        <DCCReference Include="..\QueryTypes\GetAddressBookContactsResponseUnit.pas"/>
        <DCCReference Include="..\QueryTypes\GetOrdersResponseUnit.pas"/>
        <DCCReference Include="..\QueryTypes\GPSParametersUnit.pas"/>
        <DCCReference Include="..\QueryTypes\HttpQueryMemberAttributeUnit.pas"/>
        <DCCReference Include="..\QueryTypes\MoveDestinationToRouteResponseUnit.pas"/>
        <DCCReference Include="..\QueryTypes\NoteParametersUnit.pas"/>
        <DCCReference Include="..\QueryTypes\OptimizationParametersUnit.pas"/>
        <DCCReference Include="..\QueryTypes\OrderParametersUnit.pas"/>
        <DCCReference Include="..\QueryTypes\RemoveAddressBookContactsRequestUnit.pas"/>
        <DCCReference Include="..\QueryTypes\RemoveDestinationFromOptimizationResponseUnit.pas"/>
        <DCCReference Include="..\QueryTypes\RemoveOptimizationResponseUnit.pas"/>
        <DCCReference Include="..\QueryTypes\RemoveOrdersRequestUnit.pas"/>
        <DCCReference Include="..\QueryTypes\RemoveRouteDestinationRequestUnit.pas"/>
        <DCCReference Include="..\QueryTypes\RemoveRouteDestinationResponseUnit.pas"/>
        <DCCReference Include="..\QueryTypes\RouteParametersQueryUnit.pas"/>
        <DCCReference Include="..\QueryTypes\SingleDriverRoundTripGenericRequestUnit.pas"/>
        <DCCReference Include="..\QueryTypes\SingleDriverRoundTripGenericResponseUnit.pas"/>
        <DCCReference Include="..\QueryTypes\StatusResponseUnit.pas"/>
        <DCCReference Include="Examples\BaseExampleUnit.pas"/>
        <DCCReference Include="Examples\Optimization\SingleDriverRoute10StopsUnit.pas"/>
        <DCCReference Include="Examples\Optimization\SingleDriverRoundTripUnit.pas"/>
        <DCCReference Include="Examples\Optimization\SingleDriverRoundTripGenericUnit.pas"/>
        <DCCReference Include="Examples\Optimization\MultipleDepotMultipleDriverUnit.pas"/>
        <DCCReference Include="Examples\Optimization\MultipleDepotMultipleDriverTimeWindowUnit.pas"/>
        <DCCReference Include="Examples\Optimization\SingleDepotMultipleDriverNoTimeWindowUnit.pas"/>
        <DCCReference Include="Examples\Optimization\MultipleDepotMultipleDriverWith24StopsTimeWindowUnit.pas"/>
        <DCCReference Include="Examples\Optimization\SingleDriverMultipleTimeWindowsUnit.pas"/>
        <DCCReference Include="Examples\Routes\ResequenceRouteDestinationsUnit.pas"/>
        <DCCReference Include="Examples\BaseOptimizationExampleUnit.pas"/>
        <DCCReference Include="Examples\Addresses\AddRouteDestinationsOptimallyUnit.pas"/>
        <DCCReference Include="Examples\Addresses\AddRouteDestinationsUnit.pas"/>
        <DCCReference Include="Examples\Addresses\RemoveRouteDestinationUnit.pas"/>
        <DCCReference Include="Examples\Addresses\MoveDestinationToRouteUnit.pas"/>
        <DCCReference Include="Examples\Optimization\GetOptimizationsUnit.pas"/>
        <DCCReference Include="Examples\Optimization\GetOptimizationUnit.pas"/>
        <DCCReference Include="Examples\Addresses\AddDestinationToOptimizationUnit.pas"/>
        <DCCReference Include="Examples\Optimization\RemoveDestinationFromOptimizationUnit.pas"/>
        <DCCReference Include="Examples\Optimization\ReOptimizationUnit.pas"/>
        <DCCReference Include="Examples\Routes\ReoptimizeRouteUnit.pas"/>
        <DCCReference Include="Examples\Routes\UpdateRouteUnit.pas"/>
        <DCCReference Include="Examples\Routes\GetRouteUnit.pas"/>
        <DCCReference Include="Examples\Routes\GetRoutesUnit.pas"/>
        <DCCReference Include="Examples\Members\GetUsersUnit.pas"/>
        <DCCReference Include="Examples\Addresses\GetAddressUnit.pas"/>
        <DCCReference Include="Examples\Notes\GetAddressNotesUnit.pas"/>
        <DCCReference Include="Examples\Notes\AddAddressNoteUnit.pas"/>
        <DCCReference Include="Examples\Routes\DuplicateRouteUnit.pas"/>
        <DCCReference Include="Examples\Routes\ShareRouteUnit.pas"/>
        <DCCReference Include="Examples\Routes\DeleteRoutesUnit.pas"/>
        <DCCReference Include="Examples\Optimization\RemoveOptimizationUnit.pas"/>
        <DCCReference Include="Examples\AddressBookContact\CreateLocationUnit.pas"/>
        <DCCReference Include="Examples\AddressBookContact\GetLocationsUnit.pas"/>
        <DCCReference Include="Examples\AddressBookContact\UpdateLocationUnit.pas"/>
        <DCCReference Include="Examples\AddressBookContact\RemoveLocationsUnit.pas"/>
        <DCCReference Include="Examples\AvoidanceZones\GetAvoidanceZoneUnit.pas"/>
        <DCCReference Include="Examples\AvoidanceZones\UpdateAvoidanceZoneUnit.pas"/>
        <DCCReference Include="Examples\AvoidanceZones\DeleteAvoidanceZoneUnit.pas"/>
        <DCCReference Include="Examples\AvoidanceZones\GetAvoidanceZonesUnit.pas"/>
        <DCCReference Include="Examples\Activities\GetAllActivitiesUnit.pas"/>
        <DCCReference Include="Examples\AvoidanceZones\AddCircleAvoidanceZoneUnit.pas"/>
        <DCCReference Include="Examples\Orders\AddOrderUnit.pas"/>
        <DCCReference Include="Examples\Orders\GetOrdersUnit.pas"/>
        <DCCReference Include="Examples\Orders\UpdateOrderUnit.pas"/>
        <DCCReference Include="Examples\Orders\RemoveOrdersUnit.pas"/>
        <DCCReference Include="Examples\Tracking\SetGPSPositionUnit.pas"/>
        <DCCReference Include="Examples\Tracking\TrackDeviceLastLocationHistoryUnit.pas"/>
        <DCCReference Include="Examples\Generic\GenericExampleUnit.pas"/>
        <DCCReference Include="Examples\Generic\GenericExampleShortcutUnit.pas"/>
        <DCCReference Include="Examples\Route4MeExamplesUnit.pas"/>
        <DCCReference Include="..\QueryTypes\MergeRouteRequestUnit.pas"/>
        <DCCReference Include="Examples\Routes\MergeRoutesUnit.pas"/>
        <DCCReference Include="..\QueryTypes\UpdateRoutesCustomDataRequestUnit.pas"/>
        <DCCReference Include="Examples\Routes\UpdateRoutesCustomFieldsUnit.pas"/>
        <DCCReference Include="..\QueryTypes\ResequenceAllRoutesRequestUnit.pas"/>
        <DCCReference Include="Examples\Routes\ResequenceAllRouteDestinationsUnit.pas"/>
        <DCCReference Include="Examples\Orders\AddOrderToRouteUnit.pas"/>
        <DCCReference Include="..\QueryTypes\AddOrderToRouteRequestUnit.pas"/>
        <DCCReference Include="TestDataProviders\AddOrderToRouteParameterProviderUnit.pas"/>
        <DCCReference Include="Examples\Orders\AddOrderToOptimizationUnit.pas"/>
        <DCCReference Include="..\QueryTypes\AddOrderToOptimizationRequestUnit.pas"/>
        <DCCReference Include="Examples\Orders\GetOrderUnit.pas"/>
        <DCCReference Include="Examples\Orders\GetOrdersByDateUnit.pas"/>
        <DCCReference Include="Examples\Orders\GetOrdersScheduledForUnit.pas"/>
        <DCCReference Include="..\QueryTypes\GetOrdersWithCustomFieldsResponseUnit.pas"/>
        <DCCReference Include="Examples\Orders\GetOrdersWithCustomFieldsUnit.pas"/>
        <DCCReference Include="Examples\Orders\GetOrdersWithSpecifiedTextUnit.pas"/>
        <DCCReference Include="..\QueryTypes\MarkAddressAsDetectedAsVisitedRequestUnit.pas"/>
        <DCCReference Include="Examples\Addresses\MarkAddressAsDepartedUnit.pas"/>
        <DCCReference Include="Examples\Addresses\MarkAddressAsVisitedUnit.pas"/>
        <DCCReference Include="Examples\Addresses\MarkAddressAsDetectedAsVisitedUnit.pas"/>
        <DCCReference Include="Examples\Addresses\MarkAddressAsDetectedAsDepartedUnit.pas"/>
        <DCCReference Include="..\QueryTypes\MarkAddressAsDetectedAsDepartedRequestUnit.pas"/>
        <DCCReference Include="Examples\Geocoding\BatchForwardGeocodeAddressUnit.pas"/>
        <DCCReference Include="..\Actions\GeocodingActionsUnit.pas"/>
        <DCCReference Include="..\QueryTypes\ValidateSessionResponseUnit.pas"/>
        <DCCReference Include="Examples\Members\ValidateSessionUnit.pas"/>
        <DCCReference Include="..\QueryTypes\AddNewUserResponseUnit.pas"/>
        <DCCReference Include="Examples\Members\RegisterAccountUnit.pas"/>
        <DCCReference Include="Examples\Members\GetUserDetailsUnit.pas"/>
        <DCCReference Include="..\QueryTypes\RegisterAccountResponseUnit.pas"/>
        <DCCReference Include="Examples\Members\AddNewUserUnit.pas"/>
        <DCCReference Include="TestDataProviders\UserParameterProviderUnit.pas"/>
        <DCCReference Include="..\QueryTypes\UserParametersUnit.pas"/>
        <DCCReference Include="Examples\Members\UpdateUserUnit.pas"/>
        <DCCReference Include="Examples\Members\RemoveUserUnit.pas"/>
        <DCCReference Include="..\QueryTypes\RemoveUserRequestUnit.pas"/>
        <DCCReference Include="Examples\Members\AuthenticationUnit.pas"/>
        <DCCReference Include="..\QueryTypes\AuthenticationResponseUnit.pas"/>
        <DCCReference Include="Examples\Members\DeviceLicenseUnit.pas"/>
        <DCCReference Include="..\QueryTypes\DeviceLicenseRequestUnit.pas"/>
        <DCCReference Include="..\QueryTypes\UserLicenseRequestUnit.pas"/>
        <DCCReference Include="Examples\Members\UserLicenseUnit.pas"/>
        <DCCReference Include="..\QueryTypes\RegisterWebinarRequestUnit.pas"/>
        <DCCReference Include="Examples\Members\RegisterWebinarUnit.pas"/>
        <DCCReference Include="Examples\Activities\LogSpecificMessageUnit.pas"/>
        <DCCReference Include="Examples\Activities\GetTeamActivitiesUnit.pas"/>
        <DCCReference Include="..\QueryTypes\ActivityRequestUnit.pas"/>
        <DCCReference Include="..\DataTypes\ActivityUnit.pas"/>
        <DCCReference Include="..\QueryTypes\GetActivitiesQueryUnit.pas"/>
        <DCCReference Include="Examples\Activities\GetAllDestinationInsertedActivitiesUnit.pas"/>
        <DCCReference Include="Examples\Activities\GetAllDestinationMarkedAsDepartedActivitiesUnit.pas"/>
        <DCCReference Include="Examples\Activities\GetAllDestinationMarkedAsVisitedActivitiesUnit.pas"/>
        <DCCReference Include="Examples\Activities\GetAllNoteInsertedActivitiesUnit.pas"/>
        <DCCReference Include="Examples\Activities\GetAreaAddedActivitiesUnit.pas"/>
        <DCCReference Include="Examples\Activities\GetAreaRemovedActivitiesUnit.pas"/>
        <DCCReference Include="Examples\Activities\GetAreaUpdatedActivitiesUnit.pas"/>
        <DCCReference Include="Examples\Activities\GetDestinationDeletedActivitiesUnit.pas"/>
        <DCCReference Include="Examples\Activities\GetDestinationInsertedActivitiesUnit.pas"/>
        <DCCReference Include="Examples\Activities\GetDestinationMarkedAsDepartedActivitiesUnit.pas"/>
        <DCCReference Include="Examples\Activities\GetDestinationMovedActivitiesUnit.pas"/>
        <DCCReference Include="Examples\Activities\GetDestinationOutOfSequenceActivitiesUnit.pas"/>
        <DCCReference Include="Examples\Activities\GetDestinationUpdatedActivitiesUnit.pas"/>
        <DCCReference Include="Examples\Activities\GetDriverArrivedEarlyActivitiesUnit.pas"/>
        <DCCReference Include="Examples\Activities\GetDriverArrivedLateActivitiesUnit.pas"/>
        <DCCReference Include="Examples\Activities\GetDriverArrivedOnTimeActivitiesUnit.pas"/>
        <DCCReference Include="Examples\Activities\GetGeofenceEnteredActivitiesUnit.pas"/>
        <DCCReference Include="Examples\Activities\GetGeofenceLeftActivitiesUnit.pas"/>
        <DCCReference Include="Examples\Activities\GetMemberCreatedActivitiesUnit.pas"/>
        <DCCReference Include="Examples\Activities\GetMemberDeletedActivitiesUnit.pas"/>
        <DCCReference Include="Examples\Activities\GetMemberModifiedActivitiesUnit.pas"/>
        <DCCReference Include="Examples\Activities\GetNoteInsertedActivitiesUnit.pas"/>
        <DCCReference Include="Examples\Activities\GetRouteDeletedActivitiesUnit.pas"/>
        <DCCReference Include="Examples\Activities\GetRouteOptimizedActivitiesUnit.pas"/>
        <DCCReference Include="Examples\Activities\GetRouteOwnerChangedActivitiesUnit.pas"/>
        <DCCReference Include="Examples\AddressBookContact\GetLocationsByIdsUnit.pas"/>
        <DCCReference Include="Examples\AddressBookContact\GetLocationUnit.pas"/>
        <DCCReference Include="Examples\AddressBookContact\DisplayRoutedUnit.pas"/>
        <DCCReference Include="Examples\AddressBookContact\LocationSearchUnit.pas"/>
        <DCCReference Include="..\QueryTypes\AddressBookContactFindResponseUnit.pas"/>
        <DCCReference Include="Examples\AvoidanceZones\AddPolygonAvoidanceZoneUnit.pas"/>
        <DCCReference Include="Examples\AvoidanceZones\AddRectangularAvoidanceZoneUnit.pas"/>
        <DCCReference Include="CustomerQuestions\CustomerQuestionAbout7StopsUnit.pas"/>
        <DCCReference Include="..\Actions\TerritoryActionsUnit.pas"/>
        <DCCReference Include="..\DataTypes\TerritoryContourUnit.pas"/>
        <DCCReference Include="..\DataTypes\TerritoryUnit.pas"/>
        <DCCReference Include="..\QueryTypes\GetTerritoriesResponseUnit.pas"/>
        <DCCReference Include="Examples\Territories\AddCircleTerritoryUnit.pas"/>
        <DCCReference Include="Examples\Territories\AddPolygonTerritoryUnit.pas"/>
        <DCCReference Include="Examples\Territories\AddRectangularTerritoryUnit.pas"/>
        <DCCReference Include="Examples\Territories\GetTerritoriesUnit.pas"/>
        <DCCReference Include="Examples\Territories\GetTerritoryUnit.pas"/>
        <DCCReference Include="Examples\Territories\RemoveTerritoryUnit.pas"/>
        <DCCReference Include="Examples\Territories\UpdateTerritoryUnit.pas"/>
        <DCCReference Include="..\QueryTypes\UpdateTerritoryRequestUnit.pas"/>
        <DCCReference Include="..\DataTypes\PositionUnit.pas"/>
        <DCCReference Include="..\DataTypes\GeocodingUnit.pas"/>
        <DCCReference Include="..\DataTypes\AddressGeocodingUnit.pas"/>
        <DCCReference Include="..\DataTypes\GeocodingAddressUnit.pas"/>
        <DCCReference Include="Examples\Geocoding\GetGeocodingAddressesUnit.pas"/>
        <DCCReference Include="Examples\Geocoding\GetLimitedGeocodingAddressesUnit.pas"/>
        <DCCReference Include="Examples\Geocoding\GetSingleGeocodingAddressUnit.pas"/>
        <DCCReference Include="Examples\Geocoding\ReverseGeocodeAddressUnit.pas"/>
        <DCCReference Include="Examples\Geocoding\GetLimitedZipCodeAndHouseNumberUnit.pas"/>
        <DCCReference Include="Examples\Geocoding\GetLimitedZipCodesUnit.pas"/>
        <DCCReference Include="Examples\Geocoding\GetZipCodeAndHouseNumberUnit.pas"/>
        <DCCReference Include="Examples\Geocoding\GetZipCodesUnit.pas"/>
        <DCCReference Include="..\QueryTypes\BulkGeocodingRequestUnit.pas"/>
        <DCCReference Include="Examples\Geocoding\BulkForwardGeocodeAddressesUnit.pas"/>
        <DCCReference Include="Examples\Routes\SearchRoutesForSpecifiedTextUnit.pas"/>
        <DCCReference Include="..\QueryTypes\TrackingHistoryResponseUnit.pas"/>
        <DCCReference Include="..\DataTypes\TrackingDataUnit.pas"/>
        <DCCReference Include="..\QueryTypes\TrackingHistoryRequestUnit.pas"/>
        <DCCReference Include="Examples\Tracking\GetAssetTrackingDataUnit.pas"/>
        <DCCReference Include="Examples\Tracking\GetLocationHistoryFromTimeRangeUnit.pas"/>
        <DCCReference Include="..\QueryTypes\AddNoteFileResponseUnit.pas"/>
        <DCCReference Include="..\QueryTypes\DeviceLicenseResponseUnit.pas"/>
        <DCCReference Include="..\QueryTypes\ConfigValueRequestUnit.pas"/>
        <DCCReference Include="..\QueryTypes\ConfigValueResponseUnit.pas"/>
        <DCCReference Include="..\QueryTypes\GetConfigValueResponseUnit.pas"/>
        <DCCReference Include="Examples\Members\AddConfigValueUnit.pas"/>
        <DCCReference Include="Examples\Members\DeleteConfigValueUnit.pas"/>
        <DCCReference Include="Examples\Members\GetAllConfigValuesUnit.pas"/>
        <DCCReference Include="Examples\Members\GetConfigValueUnit.pas"/>
        <DCCReference Include="Examples\Members\UpdateConfigValueUnit.pas"/>
        <DCCReference Include="..\Actions\VehicleActionsUnit.pas"/>
        <DCCReference Include="..\DataTypes\VehicleUnit.pas"/>
        <DCCReference Include="Examples\Vehicles\GetVehiclesUnit.pas"/>
        <DCCReference Include="Examples\Vehicles\GetVehicleUnit.pas"/>
        <DCCReference Include="..\Actions\FileUploadingActionsUnit.pas"/>
        <DCCReference Include="Examples\FileUploading\PreviewFileUnit.pas"/>
        <DCCReference Include="Examples\FileUploading\UploadFileGeocodingUnit.pas"/>
        <DCCReference Include="..\QueryTypes\FilePreviewErrorResponseUnit.pas"/>
        <DCCReference Include="..\QueryTypes\FileUploadErrorsResponseUnit.pas"/>
        <DCCReference Include="..\Actions\TelematicActionsUnit.pas"/>
        <DCCReference Include="..\DataTypes\VendorUnit.pas"/>
        <DCCReference Include="..\QueryTypes\GetVendorsResponseUnit.pas"/>
        <DCCReference Include="Examples\Telematics\GetAllVendorsUnit.pas"/>
        <DCCReference Include="Examples\Telematics\GetVendorUnit.pas"/>
        <DCCReference Include="Examples\Telematics\SearchVendorsUnit.pas"/>
        <BuildConfiguration Include="Release">
            <Key>Cfg_2</Key>
            <CfgParent>Base</CfgParent>
        </BuildConfiguration>
        <BuildConfiguration Include="Base">
            <Key>Base</Key>
        </BuildConfiguration>
        <BuildConfiguration Include="Debug">
            <Key>Cfg_1</Key>
            <CfgParent>Base</CfgParent>
        </BuildConfiguration>
    </ItemGroup>
    <ProjectExtensions>
        <Borland.Personality>Delphi.Personality.12</Borland.Personality>
        <Borland.ProjectType>Application</Borland.ProjectType>
        <BorlandProject>
            <Delphi.Personality>
                <Source>
                    <Source Name="MainSource">Route4MeExamplesProject.dpr</Source>
                </Source>
                <Excluded_Packages>
                    <Excluded_Packages Name="$(BDSBIN)\dcloffice2k230.bpl">Microsoft Office 2000 Sample Automation Server Wrapper Components</Excluded_Packages>
                    <Excluded_Packages Name="$(BDSBIN)\dclofficexp230.bpl">Microsoft Office XP Sample Automation Server Wrapper Components</Excluded_Packages>
                </Excluded_Packages>
            </Delphi.Personality>
            <Deployment Version="3">
                <DeployFile LocalName="$(BDS)\Redist\osx32\libcgunwind.1.0.dylib" Class="DependencyModule">
                    <Platform Name="OSX32">
                        <Overwrite>true</Overwrite>
                    </Platform>
                </DeployFile>
                <DeployFile LocalName="$(BDS)\Redist\iossimulator\libcgunwind.1.0.dylib" Class="DependencyModule">
                    <Platform Name="iOSSimulator">
                        <Overwrite>true</Overwrite>
                    </Platform>
                </DeployFile>
                <DeployFile LocalName="$(BDS)\Redist\iossimulator\libPCRE.dylib" Class="DependencyModule">
                    <Platform Name="iOSSimulator">
                        <Overwrite>true</Overwrite>
                    </Platform>
                </DeployFile>
                <DeployFile LocalName="Win32\Debug\Route4MeExamplesProject.exe" Configuration="Debug" Class="ProjectOutput">
                    <Platform Name="Win32">
                        <RemoteName>Route4MeExamplesProject.exe</RemoteName>
                        <Overwrite>true</Overwrite>
                    </Platform>
                </DeployFile>
                <DeployFile LocalName="$(BDS)\Redist\osx32\libcgsqlite3.dylib" Class="DependencyModule">
                    <Platform Name="OSX32">
                        <Overwrite>true</Overwrite>
                    </Platform>
                </DeployFile>
                <DeployClass Name="DependencyModule">
                    <Platform Name="Win32">
                        <Operation>0</Operation>
                        <Extensions>.dll;.bpl</Extensions>
                    </Platform>
                    <Platform Name="iOSDevice64">
                        <Operation>1</Operation>
                        <Extensions>.dylib</Extensions>
                    </Platform>
                    <Platform Name="OSX32">
                        <RemoteDir>Contents\MacOS</RemoteDir>
                        <Operation>1</Operation>
                        <Extensions>.dylib</Extensions>
                    </Platform>
                    <Platform Name="iOSDevice32">
                        <Operation>1</Operation>
                        <Extensions>.dylib</Extensions>
                    </Platform>
                    <Platform Name="iOSSimulator">
                        <Operation>1</Operation>
                        <Extensions>.dylib</Extensions>
                    </Platform>
                </DeployClass>
                <DeployClass Name="ProjectOSXResource">
                    <Platform Name="OSX32">
                        <RemoteDir>Contents\Resources</RemoteDir>
                        <Operation>1</Operation>
                    </Platform>
                </DeployClass>
                <DeployClass Name="AndroidClassesDexFile">
                    <Platform Name="Android">
                        <RemoteDir>classes</RemoteDir>
                        <Operation>1</Operation>
                    </Platform>
                </DeployClass>
                <DeployClass Name="AdditionalDebugSymbols">
                    <Platform Name="Win32">
                        <RemoteDir>Contents\MacOS</RemoteDir>
                        <Operation>0</Operation>
                    </Platform>
                    <Platform Name="iOSSimulator">
                        <Operation>1</Operation>
                    </Platform>
                    <Platform Name="OSX32">
                        <RemoteDir>Contents\MacOS</RemoteDir>
                        <Operation>1</Operation>
                    </Platform>
                </DeployClass>
                <DeployClass Name="iPad_Launch768">
                    <Platform Name="iOSSimulator">
                        <Operation>1</Operation>
                    </Platform>
                    <Platform Name="iOSDevice64">
                        <Operation>1</Operation>
                    </Platform>
                    <Platform Name="iOSDevice32">
                        <Operation>1</Operation>
                    </Platform>
                </DeployClass>
                <DeployClass Name="Android_LauncherIcon144">
                    <Platform Name="Android">
                        <RemoteDir>res\drawable-xxhdpi</RemoteDir>
                        <Operation>1</Operation>
                    </Platform>
                </DeployClass>
                <DeployClass Name="AndroidLibnativeMipsFile">
                    <Platform Name="Android">
                        <RemoteDir>library\lib\mips</RemoteDir>
                        <Operation>1</Operation>
                    </Platform>
                </DeployClass>
                <DeployClass Required="true" Name="ProjectOutput">
                    <Platform Name="iOSDevice64">
                        <Operation>1</Operation>
                    </Platform>
                    <Platform Name="iOSDevice32">
                        <Operation>1</Operation>
                    </Platform>
                    <Platform Name="Win32">
                        <Operation>0</Operation>
                    </Platform>
                    <Platform Name="Linux64">
                        <Operation>1</Operation>
                    </Platform>
                    <Platform Name="OSX32">
                        <RemoteDir>Contents\MacOS</RemoteDir>
                        <Operation>1</Operation>
                    </Platform>
                    <Platform Name="Android">
                        <RemoteDir>library\lib\armeabi-v7a</RemoteDir>
                        <Operation>1</Operation>
                    </Platform>
                    <Platform Name="iOSSimulator">
                        <Operation>1</Operation>
                    </Platform>
                </DeployClass>
                <DeployClass Name="DependencyFramework">
                    <Platform Name="Win32">
                        <Operation>0</Operation>
                    </Platform>
                    <Platform Name="OSX32">
                        <RemoteDir>Contents\MacOS</RemoteDir>
                        <Operation>1</Operation>
                        <Extensions>.framework</Extensions>
                    </Platform>
                </DeployClass>
                <DeployClass Name="ProjectUWPManifest">
                    <Platform Name="Win32">
                        <Operation>1</Operation>
                    </Platform>
                    <Platform Name="Win64">
                        <Operation>1</Operation>
                    </Platform>
                </DeployClass>
                <DeployClass Name="iPhone_Launch640">
                    <Platform Name="iOSSimulator">
                        <Operation>1</Operation>
                    </Platform>
                    <Platform Name="iOSDevice64">
                        <Operation>1</Operation>
                    </Platform>
                    <Platform Name="iOSDevice32">
                        <Operation>1</Operation>
                    </Platform>
                </DeployClass>
                <DeployClass Name="iPad_Launch1024">
                    <Platform Name="iOSSimulator">
                        <Operation>1</Operation>
                    </Platform>
                    <Platform Name="iOSDevice64">
                        <Operation>1</Operation>
                    </Platform>
                    <Platform Name="iOSDevice32">
                        <Operation>1</Operation>
                    </Platform>
                </DeployClass>
                <DeployClass Name="ProjectiOSDeviceDebug">
                    <Platform Name="iOSDevice64">
                        <RemoteDir>..\$(PROJECTNAME).app.dSYM\Contents\Resources\DWARF</RemoteDir>
                        <Operation>1</Operation>
                    </Platform>
                    <Platform Name="iOSDevice32">
                        <RemoteDir>..\$(PROJECTNAME).app.dSYM\Contents\Resources\DWARF</RemoteDir>
                        <Operation>1</Operation>
                    </Platform>
                </DeployClass>
                <DeployClass Name="AndroidLibnativeX86File"/>
                <DeployClass Name="iPhone_Launch320">
                    <Platform Name="iOSSimulator">
                        <Operation>1</Operation>
                    </Platform>
                    <Platform Name="iOSDevice64">
                        <Operation>1</Operation>
                    </Platform>
                    <Platform Name="iOSDevice32">
                        <Operation>1</Operation>
                    </Platform>
                </DeployClass>
                <DeployClass Name="ProjectiOSInfoPList">
                    <Platform Name="iOSSimulator">
                        <Operation>1</Operation>
                    </Platform>
                    <Platform Name="iOSDevice64">
                        <Operation>1</Operation>
                    </Platform>
                    <Platform Name="iOSDevice32">
                        <Operation>1</Operation>
                    </Platform>
                </DeployClass>
                <DeployClass Name="AndroidLibnativeArmeabiFile">
                    <Platform Name="Android">
                        <RemoteDir>library\lib\armeabi</RemoteDir>
                        <Operation>1</Operation>
                    </Platform>
                </DeployClass>
                <DeployClass Name="DebugSymbols">
                    <Platform Name="Win32">
                        <Operation>0</Operation>
                    </Platform>
                    <Platform Name="iOSSimulator">
                        <Operation>1</Operation>
                    </Platform>
                    <Platform Name="OSX32">
                        <RemoteDir>Contents\MacOS</RemoteDir>
                        <Operation>1</Operation>
                    </Platform>
                </DeployClass>
                <DeployClass Name="iPad_Launch1536">
                    <Platform Name="iOSSimulator">
                        <Operation>1</Operation>
                    </Platform>
                    <Platform Name="iOSDevice64">
                        <Operation>1</Operation>
                    </Platform>
                    <Platform Name="iOSDevice32">
                        <Operation>1</Operation>
                    </Platform>
                </DeployClass>
                <DeployClass Name="Android_SplashImage470">
                    <Platform Name="Android">
                        <RemoteDir>res\drawable-normal</RemoteDir>
                        <Operation>1</Operation>
                    </Platform>
                </DeployClass>
                <DeployClass Name="Android_LauncherIcon96">
                    <Platform Name="Android">
                        <RemoteDir>res\drawable-xhdpi</RemoteDir>
                        <Operation>1</Operation>
                    </Platform>
                </DeployClass>
                <DeployClass Name="Android_SplashImage640">
                    <Platform Name="Android">
                        <RemoteDir>res\drawable-large</RemoteDir>
                        <Operation>1</Operation>
                    </Platform>
                </DeployClass>
                <DeployClass Name="iPhone_Launch640x1136">
                    <Platform Name="iOSSimulator">
                        <Operation>1</Operation>
                    </Platform>
                    <Platform Name="iOSDevice64">
                        <Operation>1</Operation>
                    </Platform>
                    <Platform Name="iOSDevice32">
                        <Operation>1</Operation>
                    </Platform>
                </DeployClass>
                <DeployClass Name="UWP_DelphiLogo44">
                    <Platform Name="Win32">
                        <RemoteDir>Assets</RemoteDir>
                        <Operation>1</Operation>
                    </Platform>
                    <Platform Name="Win64">
                        <RemoteDir>Assets</RemoteDir>
                        <Operation>1</Operation>
                    </Platform>
                </DeployClass>
                <DeployClass Name="ProjectiOSEntitlements">
                    <Platform Name="iOSDevice64">
                        <RemoteDir>..\</RemoteDir>
                        <Operation>1</Operation>
                    </Platform>
                    <Platform Name="iOSDevice32">
                        <RemoteDir>..\</RemoteDir>
                        <Operation>1</Operation>
                    </Platform>
                </DeployClass>
                <DeployClass Name="Android_LauncherIcon72">
                    <Platform Name="Android">
                        <RemoteDir>res\drawable-hdpi</RemoteDir>
                        <Operation>1</Operation>
                    </Platform>
                </DeployClass>
                <DeployClass Name="AndroidGDBServer">
                    <Platform Name="Android">
                        <RemoteDir>library\lib\armeabi-v7a</RemoteDir>
                        <Operation>1</Operation>
                    </Platform>
                </DeployClass>
                <DeployClass Name="ProjectOSXInfoPList">
                    <Platform Name="OSX32">
                        <RemoteDir>Contents</RemoteDir>
                        <Operation>1</Operation>
                    </Platform>
                </DeployClass>
                <DeployClass Name="ProjectOSXEntitlements">
                    <Platform Name="OSX32">
                        <RemoteDir>..\</RemoteDir>
                        <Operation>1</Operation>
                    </Platform>
                </DeployClass>
                <DeployClass Name="UWP_DelphiLogo150">
                    <Platform Name="Win32">
                        <RemoteDir>Assets</RemoteDir>
                        <Operation>1</Operation>
                    </Platform>
                    <Platform Name="Win64">
                        <RemoteDir>Assets</RemoteDir>
                        <Operation>1</Operation>
                    </Platform>
                </DeployClass>
                <DeployClass Name="iPad_Launch2048">
                    <Platform Name="iOSSimulator">
                        <Operation>1</Operation>
                    </Platform>
                    <Platform Name="iOSDevice64">
                        <Operation>1</Operation>
                    </Platform>
                    <Platform Name="iOSDevice32">
                        <Operation>1</Operation>
                    </Platform>
                </DeployClass>
                <DeployClass Name="AndroidSplashStyles">
                    <Platform Name="Android">
                        <RemoteDir>res\values</RemoteDir>
                        <Operation>1</Operation>
                    </Platform>
                </DeployClass>
                <DeployClass Name="Android_SplashImage426">
                    <Platform Name="Android">
                        <RemoteDir>res\drawable-small</RemoteDir>
                        <Operation>1</Operation>
                    </Platform>
                </DeployClass>
                <DeployClass Name="AndroidSplashImageDef">
                    <Platform Name="Android">
                        <RemoteDir>res\drawable</RemoteDir>
                        <Operation>1</Operation>
                    </Platform>
                </DeployClass>
                <DeployClass Name="ProjectiOSResource">
                    <Platform Name="iOSSimulator">
                        <Operation>1</Operation>
                    </Platform>
                    <Platform Name="iOSDevice64">
                        <Operation>1</Operation>
                    </Platform>
                    <Platform Name="iOSDevice32">
                        <Operation>1</Operation>
                    </Platform>
                </DeployClass>
                <DeployClass Name="ProjectAndroidManifest">
                    <Platform Name="Android">
                        <Operation>1</Operation>
                    </Platform>
                </DeployClass>
                <DeployClass Name="Android_DefaultAppIcon">
                    <Platform Name="Android">
                        <RemoteDir>res\drawable</RemoteDir>
                        <Operation>1</Operation>
                    </Platform>
                </DeployClass>
                <DeployClass Name="File">
                    <Platform Name="Win32">
                        <Operation>0</Operation>
                    </Platform>
                    <Platform Name="iOSDevice64">
                        <Operation>0</Operation>
                    </Platform>
                    <Platform Name="OSX32">
                        <RemoteDir>Contents\Resources\StartUp\</RemoteDir>
                        <Operation>0</Operation>
                    </Platform>
                    <Platform Name="iOSDevice32">
                        <Operation>0</Operation>
                    </Platform>
                    <Platform Name="Android">
                        <Operation>0</Operation>
                    </Platform>
                    <Platform Name="iOSSimulator">
                        <Operation>0</Operation>
                    </Platform>
                </DeployClass>
                <DeployClass Name="AndroidServiceOutput">
                    <Platform Name="Android">
                        <RemoteDir>library\lib\armeabi-v7a</RemoteDir>
                        <Operation>1</Operation>
                    </Platform>
                </DeployClass>
                <DeployClass Required="true" Name="DependencyPackage">
                    <Platform Name="Win32">
                        <Operation>0</Operation>
                        <Extensions>.bpl</Extensions>
                    </Platform>
                    <Platform Name="iOSDevice64">
                        <Operation>1</Operation>
                        <Extensions>.dylib</Extensions>
                    </Platform>
                    <Platform Name="OSX32">
                        <RemoteDir>Contents\MacOS</RemoteDir>
                        <Operation>1</Operation>
                        <Extensions>.dylib</Extensions>
                    </Platform>
                    <Platform Name="iOSDevice32">
                        <Operation>1</Operation>
                        <Extensions>.dylib</Extensions>
                    </Platform>
                    <Platform Name="iOSSimulator">
                        <Operation>1</Operation>
                        <Extensions>.dylib</Extensions>
                    </Platform>
                </DeployClass>
                <DeployClass Name="Android_LauncherIcon48">
                    <Platform Name="Android">
                        <RemoteDir>res\drawable-mdpi</RemoteDir>
                        <Operation>1</Operation>
                    </Platform>
                </DeployClass>
                <DeployClass Name="Android_SplashImage960">
                    <Platform Name="Android">
                        <RemoteDir>res\drawable-xlarge</RemoteDir>
                        <Operation>1</Operation>
                    </Platform>
                </DeployClass>
                <DeployClass Name="Android_LauncherIcon36">
                    <Platform Name="Android">
                        <RemoteDir>res\drawable-ldpi</RemoteDir>
                        <Operation>1</Operation>
                    </Platform>
                </DeployClass>
                <DeployClass Name="ProjectiOSDeviceResourceRules">
                    <Platform Name="iOSDevice64">
                        <Operation>1</Operation>
                    </Platform>
                    <Platform Name="iOSDevice32">
                        <Operation>1</Operation>
                    </Platform>
                </DeployClass>
                <ProjectRoot Platform="iOSDevice64" Name="$(PROJECTNAME).app"/>
                <ProjectRoot Platform="Win64" Name="$(PROJECTNAME)"/>
                <ProjectRoot Platform="iOSDevice32" Name="$(PROJECTNAME).app"/>
                <ProjectRoot Platform="Win32" Name="$(PROJECTNAME)"/>
                <ProjectRoot Platform="Linux64" Name="$(PROJECTNAME)"/>
                <ProjectRoot Platform="OSX32" Name="$(PROJECTNAME).app"/>
                <ProjectRoot Platform="Android" Name="$(PROJECTNAME)"/>
                <ProjectRoot Platform="iOSSimulator" Name="$(PROJECTNAME).app"/>
            </Deployment>
            <Platforms>
                <Platform value="Win32">True</Platform>
            </Platforms>
        </BorlandProject>
        <ProjectFileVersion>12</ProjectFileVersion>
    </ProjectExtensions>
    <Import Project="$(BDS)\Bin\CodeGear.Delphi.Targets" Condition="Exists('$(BDS)\Bin\CodeGear.Delphi.Targets')"/>
    <Import Project="$(APPDATA)\Embarcadero\$(BDSAPPDATABASEDIR)\$(PRODUCTVERSION)\UserTools.proj" Condition="Exists('$(APPDATA)\Embarcadero\$(BDSAPPDATABASEDIR)\$(PRODUCTVERSION)\UserTools.proj')"/>
    <Import Project="$(MSBuildProjectName).deployproj" Condition="Exists('$(MSBuildProjectName).deployproj')"/>
</Project>
